
Microsoft Visual Studio Solution File, Format Version 12.00
# Visual Studio Version 17
VisualStudioVersion = 17.0.31903.59
MinimumVisualStudioVersion = 10.0.40219.1
Project("{FAE04EC0-301F-11D3-BF4B-00C04F79EFBC}") = "Tomoe", "Tomoe\Tomoe.csproj", "{995F0A6A-BE7E-4A4F-A833-E8B6E9A02BBB}"
EndProject
Global
	GlobalSection(SolutionConfigurationPlatforms) = preSolution
		Debug|Any CPU = Debug|Any CPU
		Release|Any CPU = Release|Any CPU
	EndGlobalSection
	GlobalSection(SolutionProperties) = preSolution
		HideSolutionNode = FALSE
	EndGlobalSection
	GlobalSection(ProjectConfigurationPlatforms) = postSolution
		{995F0A6A-BE7E-4A4F-A833-E8B6E9A02BBB}.Debug|Any CPU.ActiveCfg = Debug|Any CPU
		{995F0A6A-BE7E-4A4F-A833-E8B6E9A02BBB}.Debug|Any CPU.Build.0 = Debug|Any CPU
		{995F0A6A-BE7E-4A4F-A833-E8B6E9A02BBB}.Release|Any CPU.ActiveCfg = Release|Any CPU
		{995F0A6A-BE7E-4A4F-A833-E8B6E9A02BBB}.Release|Any CPU.Build.0 = Release|Any CPU
	EndGlobalSection
EndGlobal
